
Microsoft Visual Studio Solution File, Format Version 12.00
# Visual Studio 15
VisualStudioVersion = 15.0.28010.2046
MinimumVisualStudioVersion = 10.0.40219.1
Project("{FAE04EC0-301F-11D3-BF4B-00C04F79EFBC}") = "CSharpMiscLibrary", "CSharpMiscLibrary\CSharpMiscLibrary.csproj", "{71C8334D-DB38-4285-A788-EE498296BF8F}"
EndProject
Global
	GlobalSection(SolutionConfigurationPlatforms) = preSolution
		Debug|Any CPU = Debug|Any CPU
		Release|Any CPU = Release|Any CPU
	EndGlobalSection
	GlobalSection(ProjectConfigurationPlatforms) = postSolution
		{71C8334D-DB38-4285-A788-EE498296BF8F}.Debug|Any CPU.ActiveCfg = Debug|Any CPU
		{71C8334D-DB38-4285-A788-EE498296BF8F}.Debug|Any CPU.Build.0 = Debug|Any CPU
		{71C8334D-DB38-4285-A788-EE498296BF8F}.Release|Any CPU.ActiveCfg = Release|Any CPU
		{71C8334D-DB38-4285-A788-EE498296BF8F}.Release|Any CPU.Build.0 = Release|Any CPU
	EndGlobalSection
	GlobalSection(SolutionProperties) = preSolution
		HideSolutionNode = FALSE
	EndGlobalSection
	GlobalSection(ExtensibilityGlobals) = postSolution
		SolutionGuid = {7B27F9EB-565C-4879-8F58-CF478C597DCF}
	EndGlobalSection
EndGlobal
